// !$*UTF8*$!
{
	archiveVersion = 1;
	classes = {
	};
	objectVersion = 51;
	objects = {

/* Begin PBXBuildFile section */
		122ED5FE2B541E91F6D2B0C6 /* Pods_BreezoMeter.framework in Frameworks */ = {isa = PBXBuildFile; fileRef = 9090285B4704358C14253B08 /* Pods_BreezoMeter.framework */; };
		63BF9D9E2642D49100FEF688 /* AppDelegate.swift in Sources */ = {isa = PBXBuildFile; fileRef = 63BF9D9D2642D49100FEF688 /* AppDelegate.swift */; };
		63BF9DA22642D49100FEF688 /* ViewController.swift in Sources */ = {isa = PBXBuildFile; fileRef = 63BF9DA12642D49100FEF688 /* ViewController.swift */; };
		63BF9DA52642D49100FEF688 /* Main.storyboard in Resources */ = {isa = PBXBuildFile; fileRef = 63BF9DA32642D49100FEF688 /* Main.storyboard */; };
		63BF9DA82642D49100FEF688 /* BreezoMeter.xcdatamodeld in Sources */ = {isa = PBXBuildFile; fileRef = 63BF9DA62642D49100FEF688 /* BreezoMeter.xcdatamodeld */; };
		63BF9DAA2642D49300FEF688 /* Assets.xcassets in Resources */ = {isa = PBXBuildFile; fileRef = 63BF9DA92642D49300FEF688 /* Assets.xcassets */; };
		63BF9DAD2642D49300FEF688 /* LaunchScreen.storyboard in Resources */ = {isa = PBXBuildFile; fileRef = 63BF9DAB2642D49300FEF688 /* LaunchScreen.storyboard */; };
		63BF9DB82642D49300FEF688 /* BreezoMeterTests.swift in Sources */ = {isa = PBXBuildFile; fileRef = 63BF9DB72642D49300FEF688 /* BreezoMeterTests.swift */; };
		63BF9DC32642D55E00FEF688 /* ServiceProvider.swift in Sources */ = {isa = PBXBuildFile; fileRef = 63BF9DC22642D55E00FEF688 /* ServiceProvider.swift */; };
		63BF9DC52644141D00FEF688 /* LocationService.swift in Sources */ = {isa = PBXBuildFile; fileRef = 63BF9DC42644141D00FEF688 /* LocationService.swift */; };
		63BF9DD8265438BF00FEF688 /* PollenModel.swift in Sources */ = {isa = PBXBuildFile; fileRef = 63BF9DD7265438BF00FEF688 /* PollenModel.swift */; };
		63BF9DDA2654397500FEF688 /* TabCoordinator.swift in Sources */ = {isa = PBXBuildFile; fileRef = 63BF9DD92654397500FEF688 /* TabCoordinator.swift */; };
		63BF9DE126546D7000FEF688 /* PollenViewController.swift in Sources */ = {isa = PBXBuildFile; fileRef = 63BF9DDF26546D7000FEF688 /* PollenViewController.swift */; };
		63BF9DE226546D7000FEF688 /* PollenViewController.xib in Resources */ = {isa = PBXBuildFile; fileRef = 63BF9DE026546D7000FEF688 /* PollenViewController.xib */; };
		63BF9DE526546D9300FEF688 /* BrethQualityViewController.swift in Sources */ = {isa = PBXBuildFile; fileRef = 63BF9DE326546D9300FEF688 /* BrethQualityViewController.swift */; };
		63BF9DE626546D9300FEF688 /* BrethQualityViewController.xib in Resources */ = {isa = PBXBuildFile; fileRef = 63BF9DE426546D9300FEF688 /* BrethQualityViewController.xib */; };
		63BF9DEA265538D900FEF688 /* PollenDaysTableViewCell.swift in Sources */ = {isa = PBXBuildFile; fileRef = 63BF9DE8265538D900FEF688 /* PollenDaysTableViewCell.swift */; };
		63BF9DEB265538D900FEF688 /* PollenDaysTableViewCell.xib in Resources */ = {isa = PBXBuildFile; fileRef = 63BF9DE9265538D900FEF688 /* PollenDaysTableViewCell.xib */; };
		63BF9DEE265566CF00FEF688 /* TodayCollectionViewCell.swift in Sources */ = {isa = PBXBuildFile; fileRef = 63BF9DEC265566CF00FEF688 /* TodayCollectionViewCell.swift */; };
		63BF9DEF265566CF00FEF688 /* TodayCollectionViewCell.xib in Resources */ = {isa = PBXBuildFile; fileRef = 63BF9DED265566CF00FEF688 /* TodayCollectionViewCell.xib */; };
		63BF9DFA265C405400FEF688 /* ListOfPollenTypesTableViewCell.swift in Sources */ = {isa = PBXBuildFile; fileRef = 63BF9DF8265C405400FEF688 /* ListOfPollenTypesTableViewCell.swift */; };
		63BF9DFB265C405400FEF688 /* ListOfPollenTypesTableViewCell.xib in Resources */ = {isa = PBXBuildFile; fileRef = 63BF9DF9265C405400FEF688 /* ListOfPollenTypesTableViewCell.xib */; };
		63BF9DFE265D0FD000FEF688 /* AnalizeOfTypeViewController.swift in Sources */ = {isa = PBXBuildFile; fileRef = 63BF9DFC265D0FCF00FEF688 /* AnalizeOfTypeViewController.swift */; };
		63BF9DFF265D0FD000FEF688 /* AnalizeOfTypeViewController.xib in Resources */ = {isa = PBXBuildFile; fileRef = 63BF9DFD265D0FCF00FEF688 /* AnalizeOfTypeViewController.xib */; };
		63BF9E082661873300FEF688 /* ForecastTableViewCell.swift in Sources */ = {isa = PBXBuildFile; fileRef = 63BF9E062661873300FEF688 /* ForecastTableViewCell.swift */; };
		63BF9E092661873300FEF688 /* ForecastTableViewCell.xib in Resources */ = {isa = PBXBuildFile; fileRef = 63BF9E072661873300FEF688 /* ForecastTableViewCell.xib */; };
		63BF9E0C26618F5500FEF688 /* MapViewController.swift in Sources */ = {isa = PBXBuildFile; fileRef = 63BF9E0A26618F5500FEF688 /* MapViewController.swift */; };
		63BF9E0D26618F5500FEF688 /* MapViewController.xib in Resources */ = {isa = PBXBuildFile; fileRef = 63BF9E0B26618F5500FEF688 /* MapViewController.xib */; };
		63BF9E112662A36F00FEF688 /* BrethQualityTableViewCell.swift in Sources */ = {isa = PBXBuildFile; fileRef = 63BF9E0F2662A36F00FEF688 /* BrethQualityTableViewCell.swift */; };
		63BF9E122662A36F00FEF688 /* BrethQualityTableViewCell.xib in Resources */ = {isa = PBXBuildFile; fileRef = 63BF9E102662A36F00FEF688 /* BrethQualityTableViewCell.xib */; };
		63BF9E152662B44800FEF688 /* ImpuritiesTableViewCell.swift in Sources */ = {isa = PBXBuildFile; fileRef = 63BF9E132662B44800FEF688 /* ImpuritiesTableViewCell.swift */; };
		63BF9E162662B44800FEF688 /* ImpuritiesTableViewCell.xib in Resources */ = {isa = PBXBuildFile; fileRef = 63BF9E142662B44800FEF688 /* ImpuritiesTableViewCell.xib */; };
		63BF9E192663927C00FEF688 /* NetworkError.swift in Sources */ = {isa = PBXBuildFile; fileRef = 63BF9E182663927C00FEF688 /* NetworkError.swift */; };
		63BF9E1B2663933A00FEF688 /* UrlParts.swift in Sources */ = {isa = PBXBuildFile; fileRef = 63BF9E1A2663933A00FEF688 /* UrlParts.swift */; };
		63BF9E1D2663FB2500FEF688 /* UIImageView.swift in Sources */ = {isa = PBXBuildFile; fileRef = 63BF9E1C2663FB2400FEF688 /* UIImageView.swift */; };
		63BF9E202664C01E00FEF688 /* AirQualityModel.swift in Sources */ = {isa = PBXBuildFile; fileRef = 63BF9E1F2664C01E00FEF688 /* AirQualityModel.swift */; };
		63C5AD1E2666668C00106C2B /* AirQualityViewModel.swift in Sources */ = {isa = PBXBuildFile; fileRef = 63C5AD1D2666668B00106C2B /* AirQualityViewModel.swift */; };
		63C5AD2026666BBD00106C2B /* APIProvider.swift in Sources */ = {isa = PBXBuildFile; fileRef = 63C5AD1F26666BBD00106C2B /* APIProvider.swift */; };
		63C5AD222668D1BB00106C2B /* MapViewModel.swift in Sources */ = {isa = PBXBuildFile; fileRef = 63C5AD212668D1BB00106C2B /* MapViewModel.swift */; };
		63C5AD242671035D00106C2B /* GeolocationService.swift in Sources */ = {isa = PBXBuildFile; fileRef = 63C5AD232671035C00106C2B /* GeolocationService.swift */; };
		63C5AD262674D24700106C2B /* PollenViewModel.swift in Sources */ = {isa = PBXBuildFile; fileRef = 63C5AD252674D24600106C2B /* PollenViewModel.swift */; };
		63C5AD28267644E100106C2B /* ExtensionForUIColor.swift in Sources */ = {isa = PBXBuildFile; fileRef = 63C5AD27267644E000106C2B /* ExtensionForUIColor.swift */; };
/* End PBXBuildFile section */

/* Begin PBXContainerItemProxy section */
		63BF9DB42642D49300FEF688 /* PBXContainerItemProxy */ = {
			isa = PBXContainerItemProxy;
			containerPortal = 63BF9D922642D49100FEF688 /* Project object */;
			proxyType = 1;
			remoteGlobalIDString = 63BF9D992642D49100FEF688;
			remoteInfo = BreezoMeter;
		};
/* End PBXContainerItemProxy section */

/* Begin PBXFileReference section */
		401FC62DC76EF4A200786DC8 /* Pods-BreezoMeter.debug.xcconfig */ = {isa = PBXFileReference; includeInIndex = 1; lastKnownFileType = text.xcconfig; name = "Pods-BreezoMeter.debug.xcconfig"; path = "Target Support Files/Pods-BreezoMeter/Pods-BreezoMeter.debug.xcconfig"; sourceTree = "<group>"; };
		574F439CE2706A0F840026A2 /* Pods-BreezoMeter.release.xcconfig */ = {isa = PBXFileReference; includeInIndex = 1; lastKnownFileType = text.xcconfig; name = "Pods-BreezoMeter.release.xcconfig"; path = "Target Support Files/Pods-BreezoMeter/Pods-BreezoMeter.release.xcconfig"; sourceTree = "<group>"; };
		63BF9D9A2642D49100FEF688 /* BreezoMeter.app */ = {isa = PBXFileReference; explicitFileType = wrapper.application; includeInIndex = 0; path = BreezoMeter.app; sourceTree = BUILT_PRODUCTS_DIR; };
		63BF9D9D2642D49100FEF688 /* AppDelegate.swift */ = {isa = PBXFileReference; lastKnownFileType = sourcecode.swift; path = AppDelegate.swift; sourceTree = "<group>"; };
		63BF9DA12642D49100FEF688 /* ViewController.swift */ = {isa = PBXFileReference; lastKnownFileType = sourcecode.swift; path = ViewController.swift; sourceTree = "<group>"; };
		63BF9DA42642D49100FEF688 /* Base */ = {isa = PBXFileReference; lastKnownFileType = file.storyboard; name = Base; path = Base.lproj/Main.storyboard; sourceTree = "<group>"; };
		63BF9DA72642D49100FEF688 /* BreezoMeter.xcdatamodel */ = {isa = PBXFileReference; lastKnownFileType = wrapper.xcdatamodel; path = BreezoMeter.xcdatamodel; sourceTree = "<group>"; };
		63BF9DA92642D49300FEF688 /* Assets.xcassets */ = {isa = PBXFileReference; lastKnownFileType = folder.assetcatalog; path = Assets.xcassets; sourceTree = "<group>"; };
		63BF9DAC2642D49300FEF688 /* Base */ = {isa = PBXFileReference; lastKnownFileType = file.storyboard; name = Base; path = Base.lproj/LaunchScreen.storyboard; sourceTree = "<group>"; };
		63BF9DAE2642D49300FEF688 /* Info.plist */ = {isa = PBXFileReference; lastKnownFileType = text.plist.xml; path = Info.plist; sourceTree = "<group>"; };
		63BF9DB32642D49300FEF688 /* BreezoMeterTests.xctest */ = {isa = PBXFileReference; explicitFileType = wrapper.cfbundle; includeInIndex = 0; path = BreezoMeterTests.xctest; sourceTree = BUILT_PRODUCTS_DIR; };
		63BF9DB72642D49300FEF688 /* BreezoMeterTests.swift */ = {isa = PBXFileReference; lastKnownFileType = sourcecode.swift; path = BreezoMeterTests.swift; sourceTree = "<group>"; };
		63BF9DB92642D49300FEF688 /* Info.plist */ = {isa = PBXFileReference; lastKnownFileType = text.plist.xml; path = Info.plist; sourceTree = "<group>"; };
		63BF9DC22642D55E00FEF688 /* ServiceProvider.swift */ = {isa = PBXFileReference; lastKnownFileType = sourcecode.swift; path = ServiceProvider.swift; sourceTree = "<group>"; };
		63BF9DC42644141D00FEF688 /* LocationService.swift */ = {isa = PBXFileReference; lastKnownFileType = sourcecode.swift; path = LocationService.swift; sourceTree = "<group>"; };
		63BF9DC6264447DA00FEF688 /* Lavra Trail.gpx */ = {isa = PBXFileReference; lastKnownFileType = text.xml; path = "Lavra Trail.gpx"; sourceTree = "<group>"; };
		63BF9DC726444B0800FEF688 /* test.gpx */ = {isa = PBXFileReference; lastKnownFileType = text.xml; path = test.gpx; sourceTree = "<group>"; };
		63BF9DD7265438BF00FEF688 /* PollenModel.swift */ = {isa = PBXFileReference; lastKnownFileType = sourcecode.swift; path = PollenModel.swift; sourceTree = "<group>"; };
		63BF9DD92654397500FEF688 /* TabCoordinator.swift */ = {isa = PBXFileReference; lastKnownFileType = sourcecode.swift; path = TabCoordinator.swift; sourceTree = "<group>"; };
		63BF9DDF26546D7000FEF688 /* PollenViewController.swift */ = {isa = PBXFileReference; lastKnownFileType = sourcecode.swift; path = PollenViewController.swift; sourceTree = "<group>"; };
		63BF9DE026546D7000FEF688 /* PollenViewController.xib */ = {isa = PBXFileReference; lastKnownFileType = file.xib; path = PollenViewController.xib; sourceTree = "<group>"; };
		63BF9DE326546D9300FEF688 /* BrethQualityViewController.swift */ = {isa = PBXFileReference; lastKnownFileType = sourcecode.swift; path = BrethQualityViewController.swift; sourceTree = "<group>"; };
		63BF9DE426546D9300FEF688 /* BrethQualityViewController.xib */ = {isa = PBXFileReference; lastKnownFileType = file.xib; path = BrethQualityViewController.xib; sourceTree = "<group>"; };
		63BF9DE8265538D900FEF688 /* PollenDaysTableViewCell.swift */ = {isa = PBXFileReference; lastKnownFileType = sourcecode.swift; path = PollenDaysTableViewCell.swift; sourceTree = "<group>"; };
		63BF9DE9265538D900FEF688 /* PollenDaysTableViewCell.xib */ = {isa = PBXFileReference; lastKnownFileType = file.xib; path = PollenDaysTableViewCell.xib; sourceTree = "<group>"; };
		63BF9DEC265566CF00FEF688 /* TodayCollectionViewCell.swift */ = {isa = PBXFileReference; lastKnownFileType = sourcecode.swift; path = TodayCollectionViewCell.swift; sourceTree = "<group>"; };
		63BF9DED265566CF00FEF688 /* TodayCollectionViewCell.xib */ = {isa = PBXFileReference; lastKnownFileType = file.xib; path = TodayCollectionViewCell.xib; sourceTree = "<group>"; };
		63BF9DF8265C405400FEF688 /* ListOfPollenTypesTableViewCell.swift */ = {isa = PBXFileReference; lastKnownFileType = sourcecode.swift; path = ListOfPollenTypesTableViewCell.swift; sourceTree = "<group>"; };
		63BF9DF9265C405400FEF688 /* ListOfPollenTypesTableViewCell.xib */ = {isa = PBXFileReference; lastKnownFileType = file.xib; path = ListOfPollenTypesTableViewCell.xib; sourceTree = "<group>"; };
		63BF9DFC265D0FCF00FEF688 /* AnalizeOfTypeViewController.swift */ = {isa = PBXFileReference; lastKnownFileType = sourcecode.swift; path = AnalizeOfTypeViewController.swift; sourceTree = "<group>"; };
		63BF9DFD265D0FCF00FEF688 /* AnalizeOfTypeViewController.xib */ = {isa = PBXFileReference; lastKnownFileType = file.xib; path = AnalizeOfTypeViewController.xib; sourceTree = "<group>"; };
		63BF9E062661873300FEF688 /* ForecastTableViewCell.swift */ = {isa = PBXFileReference; lastKnownFileType = sourcecode.swift; path = ForecastTableViewCell.swift; sourceTree = "<group>"; };
		63BF9E072661873300FEF688 /* ForecastTableViewCell.xib */ = {isa = PBXFileReference; lastKnownFileType = file.xib; path = ForecastTableViewCell.xib; sourceTree = "<group>"; };
		63BF9E0A26618F5500FEF688 /* MapViewController.swift */ = {isa = PBXFileReference; lastKnownFileType = sourcecode.swift; path = MapViewController.swift; sourceTree = "<group>"; };
		63BF9E0B26618F5500FEF688 /* MapViewController.xib */ = {isa = PBXFileReference; lastKnownFileType = file.xib; path = MapViewController.xib; sourceTree = "<group>"; };
		63BF9E0F2662A36F00FEF688 /* BrethQualityTableViewCell.swift */ = {isa = PBXFileReference; lastKnownFileType = sourcecode.swift; path = BrethQualityTableViewCell.swift; sourceTree = "<group>"; };
		63BF9E102662A36F00FEF688 /* BrethQualityTableViewCell.xib */ = {isa = PBXFileReference; lastKnownFileType = file.xib; path = BrethQualityTableViewCell.xib; sourceTree = "<group>"; };
		63BF9E132662B44800FEF688 /* ImpuritiesTableViewCell.swift */ = {isa = PBXFileReference; lastKnownFileType = sourcecode.swift; path = ImpuritiesTableViewCell.swift; sourceTree = "<group>"; };
		63BF9E142662B44800FEF688 /* ImpuritiesTableViewCell.xib */ = {isa = PBXFileReference; lastKnownFileType = file.xib; path = ImpuritiesTableViewCell.xib; sourceTree = "<group>"; };
		63BF9E182663927C00FEF688 /* NetworkError.swift */ = {isa = PBXFileReference; lastKnownFileType = sourcecode.swift; path = NetworkError.swift; sourceTree = "<group>"; };
		63BF9E1A2663933A00FEF688 /* UrlParts.swift */ = {isa = PBXFileReference; lastKnownFileType = sourcecode.swift; path = UrlParts.swift; sourceTree = "<group>"; };
		63BF9E1C2663FB2400FEF688 /* UIImageView.swift */ = {isa = PBXFileReference; lastKnownFileType = sourcecode.swift; path = UIImageView.swift; sourceTree = "<group>"; };
		63BF9E1F2664C01E00FEF688 /* AirQualityModel.swift */ = {isa = PBXFileReference; lastKnownFileType = sourcecode.swift; path = AirQualityModel.swift; sourceTree = "<group>"; };
		63C5AD1D2666668B00106C2B /* AirQualityViewModel.swift */ = {isa = PBXFileReference; lastKnownFileType = sourcecode.swift; path = AirQualityViewModel.swift; sourceTree = "<group>"; };
		63C5AD1F26666BBD00106C2B /* APIProvider.swift */ = {isa = PBXFileReference; lastKnownFileType = sourcecode.swift; path = APIProvider.swift; sourceTree = "<group>"; };
		63C5AD212668D1BB00106C2B /* MapViewModel.swift */ = {isa = PBXFileReference; lastKnownFileType = sourcecode.swift; path = MapViewModel.swift; sourceTree = "<group>"; };
		63C5AD232671035C00106C2B /* GeolocationService.swift */ = {isa = PBXFileReference; lastKnownFileType = sourcecode.swift; path = GeolocationService.swift; sourceTree = "<group>"; };
		63C5AD252674D24600106C2B /* PollenViewModel.swift */ = {isa = PBXFileReference; lastKnownFileType = sourcecode.swift; path = PollenViewModel.swift; sourceTree = "<group>"; };
		63C5AD27267644E000106C2B /* ExtensionForUIColor.swift */ = {isa = PBXFileReference; lastKnownFileType = sourcecode.swift; path = ExtensionForUIColor.swift; sourceTree = "<group>"; };
		9090285B4704358C14253B08 /* Pods_BreezoMeter.framework */ = {isa = PBXFileReference; explicitFileType = wrapper.framework; includeInIndex = 0; path = Pods_BreezoMeter.framework; sourceTree = BUILT_PRODUCTS_DIR; };
/* End PBXFileReference section */

/* Begin PBXFrameworksBuildPhase section */
		63BF9D972642D49100FEF688 /* Frameworks */ = {
			isa = PBXFrameworksBuildPhase;
			buildActionMask = 2147483647;
			files = (
				122ED5FE2B541E91F6D2B0C6 /* Pods_BreezoMeter.framework in Frameworks */,
			);
			runOnlyForDeploymentPostprocessing = 0;
		};
		63BF9DB02642D49300FEF688 /* Frameworks */ = {
			isa = PBXFrameworksBuildPhase;
			buildActionMask = 2147483647;
			files = (
			);
			runOnlyForDeploymentPostprocessing = 0;
		};
/* End PBXFrameworksBuildPhase section */

/* Begin PBXGroup section */
		63BF9D912642D49100FEF688 = {
			isa = PBXGroup;
			children = (
				63BF9DC726444B0800FEF688 /* test.gpx */,
				63BF9DC6264447DA00FEF688 /* Lavra Trail.gpx */,
				63BF9D9C2642D49100FEF688 /* BreezoMeter */,
				63BF9DB62642D49300FEF688 /* BreezoMeterTests */,
				63BF9D9B2642D49100FEF688 /* Products */,
				AFE608E684DDE03250CE7BB2 /* Pods */,
				E0D2F075804C117C26C43C4F /* Frameworks */,
			);
			sourceTree = "<group>";
		};
		63BF9D9B2642D49100FEF688 /* Products */ = {
			isa = PBXGroup;
			children = (
				63BF9D9A2642D49100FEF688 /* BreezoMeter.app */,
				63BF9DB32642D49300FEF688 /* BreezoMeterTests.xctest */,
			);
			name = Products;
			sourceTree = "<group>";
		};
		63BF9D9C2642D49100FEF688 /* BreezoMeter */ = {
			isa = PBXGroup;
			children = (
				63BF9E172663924C00FEF688 /* Network */,
				63BF9DC92654351C00FEF688 /* Controllers */,
				63BF9DD5265436CC00FEF688 /* Library */,
				63BF9DD4265436AA00FEF688 /* ViewModels */,
				63BF9DD32654367700FEF688 /* Coordinators */,
				63BF9DD22654365000FEF688 /* Geolocation */,
				63BF9E1E2664BFBF00FEF688 /* Models */,
				63BF9DD12654362C00FEF688 /* Service */,
				63BF9D9D2642D49100FEF688 /* AppDelegate.swift */,
				63BF9DA12642D49100FEF688 /* ViewController.swift */,
				63BF9DA32642D49100FEF688 /* Main.storyboard */,
				63BF9DA92642D49300FEF688 /* Assets.xcassets */,
				63BF9DAB2642D49300FEF688 /* LaunchScreen.storyboard */,
				63BF9DAE2642D49300FEF688 /* Info.plist */,
				63BF9DA62642D49100FEF688 /* BreezoMeter.xcdatamodeld */,
				63C5AD27267644E000106C2B /* ExtensionForUIColor.swift */,
			);
			path = BreezoMeter;
			sourceTree = "<group>";
		};
		63BF9DB62642D49300FEF688 /* BreezoMeterTests */ = {
			isa = PBXGroup;
			children = (
				63BF9DB72642D49300FEF688 /* BreezoMeterTests.swift */,
				63BF9DB92642D49300FEF688 /* Info.plist */,
			);
			path = BreezoMeterTests;
			sourceTree = "<group>";
		};
		63BF9DC92654351C00FEF688 /* Controllers */ = {
			isa = PBXGroup;
			children = (
				63BF9E00266183FF00FEF688 /* AnalizeOfTypeViewController */,
				63BF9DF5265C3EC300FEF688 /* MapViewController */,
				63BF9DF4265C3E8E00FEF688 /* BrethQualityViewController */,
				63BF9DF2265C3E2500FEF688 /* PollenViewController */,
			);
			path = Controllers;
			sourceTree = "<group>";
		};
		63BF9DD12654362C00FEF688 /* Service */ = {
			isa = PBXGroup;
			children = (
				63C5AD1F26666BBD00106C2B /* APIProvider.swift */,
				63BF9DC22642D55E00FEF688 /* ServiceProvider.swift */,
				63C5AD232671035C00106C2B /* GeolocationService.swift */,
			);
			path = Service;
			sourceTree = "<group>";
		};
		63BF9DD22654365000FEF688 /* Geolocation */ = {
			isa = PBXGroup;
			children = (
				63BF9DC42644141D00FEF688 /* LocationService.swift */,
			);
			path = Geolocation;
			sourceTree = "<group>";
		};
		63BF9DD32654367700FEF688 /* Coordinators */ = {
			isa = PBXGroup;
			children = (
				63BF9DD92654397500FEF688 /* TabCoordinator.swift */,
			);
			path = Coordinators;
			sourceTree = "<group>";
		};
		63BF9DD4265436AA00FEF688 /* ViewModels */ = {
			isa = PBXGroup;
			children = (
			);
			path = ViewModels;
			sourceTree = "<group>";
		};
		63BF9DD5265436CC00FEF688 /* Library */ = {
			isa = PBXGroup;
			children = (
				63BF9E1C2663FB2400FEF688 /* UIImageView.swift */,
			);
			path = Library;
			sourceTree = "<group>";
		};
		63BF9DF2265C3E2500FEF688 /* PollenViewController */ = {
			isa = PBXGroup;
			children = (
				63BF9DF3265C3E4E00FEF688 /* Cell */,
				63BF9DDF26546D7000FEF688 /* PollenViewController.swift */,
				63C5AD252674D24600106C2B /* PollenViewModel.swift */,
				63BF9DE026546D7000FEF688 /* PollenViewController.xib */,
			);
			path = PollenViewController;
			sourceTree = "<group>";
		};
		63BF9DF3265C3E4E00FEF688 /* Cell */ = {
			isa = PBXGroup;
			children = (
				63BF9DF7265C3F6200FEF688 /* Second */,
				63BF9DF6265C3F2400FEF688 /* First */,
			);
			path = Cell;
			sourceTree = "<group>";
		};
		63BF9DF4265C3E8E00FEF688 /* BrethQualityViewController */ = {
			isa = PBXGroup;
			children = (
				63BF9E0E2662A32800FEF688 /* Cells */,
				63BF9DE326546D9300FEF688 /* BrethQualityViewController.swift */,
				63C5AD1D2666668B00106C2B /* AirQualityViewModel.swift */,
				63BF9DE426546D9300FEF688 /* BrethQualityViewController.xib */,
			);
			path = BrethQualityViewController;
			sourceTree = "<group>";
		};
		63BF9DF5265C3EC300FEF688 /* MapViewController */ = {
			isa = PBXGroup;
			children = (
				63BF9E0B26618F5500FEF688 /* MapViewController.xib */,
				63BF9E0A26618F5500FEF688 /* MapViewController.swift */,
				63C5AD212668D1BB00106C2B /* MapViewModel.swift */,
			);
			path = MapViewController;
			sourceTree = "<group>";
		};
		63BF9DF6265C3F2400FEF688 /* First */ = {
			isa = PBXGroup;
			children = (
				63BF9DE8265538D900FEF688 /* PollenDaysTableViewCell.swift */,
				63BF9DE9265538D900FEF688 /* PollenDaysTableViewCell.xib */,
				63BF9DEC265566CF00FEF688 /* TodayCollectionViewCell.swift */,
				63BF9DED265566CF00FEF688 /* TodayCollectionViewCell.xib */,
			);
			path = First;
			sourceTree = "<group>";
		};
		63BF9DF7265C3F6200FEF688 /* Second */ = {
			isa = PBXGroup;
			children = (
				63BF9DF8265C405400FEF688 /* ListOfPollenTypesTableViewCell.swift */,
				63BF9DF9265C405400FEF688 /* ListOfPollenTypesTableViewCell.xib */,
			);
			path = Second;
			sourceTree = "<group>";
		};
		63BF9E00266183FF00FEF688 /* AnalizeOfTypeViewController */ = {
			isa = PBXGroup;
			children = (
				63BF9E012661841000FEF688 /* Cell */,
				63BF9DFC265D0FCF00FEF688 /* AnalizeOfTypeViewController.swift */,
				63BF9DFD265D0FCF00FEF688 /* AnalizeOfTypeViewController.xib */,
			);
			path = AnalizeOfTypeViewController;
			sourceTree = "<group>";
		};
		63BF9E012661841000FEF688 /* Cell */ = {
			isa = PBXGroup;
			children = (
				63BF9E062661873300FEF688 /* ForecastTableViewCell.swift */,
				63BF9E072661873300FEF688 /* ForecastTableViewCell.xib */,
			);
			path = Cell;
			sourceTree = "<group>";
		};
		63BF9E0E2662A32800FEF688 /* Cells */ = {
			isa = PBXGroup;
			children = (
				63BF9E0F2662A36F00FEF688 /* BrethQualityTableViewCell.swift */,
				63BF9E102662A36F00FEF688 /* BrethQualityTableViewCell.xib */,
				63BF9E132662B44800FEF688 /* ImpuritiesTableViewCell.swift */,
				63BF9E142662B44800FEF688 /* ImpuritiesTableViewCell.xib */,
			);
			path = Cells;
			sourceTree = "<group>";
		};
		63BF9E172663924C00FEF688 /* Network */ = {
			isa = PBXGroup;
			children = (
				63BF9E182663927C00FEF688 /* NetworkError.swift */,
				63BF9E1A2663933A00FEF688 /* UrlParts.swift */,
			);
			path = Network;
			sourceTree = "<group>";
		};
		63BF9E1E2664BFBF00FEF688 /* Models */ = {
			isa = PBXGroup;
			children = (
				63BF9DD7265438BF00FEF688 /* PollenModel.swift */,
				63BF9E1F2664C01E00FEF688 /* AirQualityModel.swift */,
			);
			path = Models;
			sourceTree = "<group>";
		};
		AFE608E684DDE03250CE7BB2 /* Pods */ = {
			isa = PBXGroup;
			children = (
				401FC62DC76EF4A200786DC8 /* Pods-BreezoMeter.debug.xcconfig */,
				574F439CE2706A0F840026A2 /* Pods-BreezoMeter.release.xcconfig */,
			);
			path = Pods;
			sourceTree = "<group>";
		};
		E0D2F075804C117C26C43C4F /* Frameworks */ = {
			isa = PBXGroup;
			children = (
				9090285B4704358C14253B08 /* Pods_BreezoMeter.framework */,
			);
			name = Frameworks;
			sourceTree = "<group>";
		};
/* End PBXGroup section */

/* Begin PBXNativeTarget section */
		63BF9D992642D49100FEF688 /* BreezoMeter */ = {
			isa = PBXNativeTarget;
			buildConfigurationList = 63BF9DBC2642D49300FEF688 /* Build configuration list for PBXNativeTarget "BreezoMeter" */;
			buildPhases = (
				47FF5844045A865E881BDEC5 /* [CP] Check Pods Manifest.lock */,
				63BF9D962642D49100FEF688 /* Sources */,
				63BF9D972642D49100FEF688 /* Frameworks */,
				63BF9D982642D49100FEF688 /* Resources */,
				5CAC0DF3DB2B6E862EC93085 /* [CP] Embed Pods Frameworks */,
			);
			buildRules = (
			);
			dependencies = (
			);
			name = BreezoMeter;
			productName = BreezoMeter;
			productReference = 63BF9D9A2642D49100FEF688 /* BreezoMeter.app */;
			productType = "com.apple.product-type.application";
		};
		63BF9DB22642D49300FEF688 /* BreezoMeterTests */ = {
			isa = PBXNativeTarget;
			buildConfigurationList = 63BF9DBF2642D49300FEF688 /* Build configuration list for PBXNativeTarget "BreezoMeterTests" */;
			buildPhases = (
				63BF9DAF2642D49300FEF688 /* Sources */,
				63BF9DB02642D49300FEF688 /* Frameworks */,
				63BF9DB12642D49300FEF688 /* Resources */,
			);
			buildRules = (
			);
			dependencies = (
				63BF9DB52642D49300FEF688 /* PBXTargetDependency */,
			);
			name = BreezoMeterTests;
			productName = BreezoMeterTests;
			productReference = 63BF9DB32642D49300FEF688 /* BreezoMeterTests.xctest */;
			productType = "com.apple.product-type.bundle.unit-test";
		};
/* End PBXNativeTarget section */

/* Begin PBXProject section */
		63BF9D922642D49100FEF688 /* Project object */ = {
			isa = PBXProject;
			attributes = {
				LastSwiftUpdateCheck = 1130;
				LastUpgradeCheck = 1130;
				ORGANIZATIONNAME = "Кристина Пастухова";
				TargetAttributes = {
					63BF9D992642D49100FEF688 = {
						CreatedOnToolsVersion = 11.3.1;
					};
					63BF9DB22642D49300FEF688 = {
						CreatedOnToolsVersion = 11.3.1;
						TestTargetID = 63BF9D992642D49100FEF688;
					};
				};
			};
			buildConfigurationList = 63BF9D952642D49100FEF688 /* Build configuration list for PBXProject "BreezoMeter" */;
			compatibilityVersion = "Xcode 9.3";
			developmentRegion = en;
			hasScannedForEncodings = 0;
			knownRegions = (
				en,
				Base,
			);
			mainGroup = 63BF9D912642D49100FEF688;
			productRefGroup = 63BF9D9B2642D49100FEF688 /* Products */;
			projectDirPath = "";
			projectRoot = "";
			targets = (
				63BF9D992642D49100FEF688 /* BreezoMeter */,
				63BF9DB22642D49300FEF688 /* BreezoMeterTests */,
			);
		};
/* End PBXProject section */

/* Begin PBXResourcesBuildPhase section */
		63BF9D982642D49100FEF688 /* Resources */ = {
			isa = PBXResourcesBuildPhase;
			buildActionMask = 2147483647;
			files = (
				63BF9E162662B44800FEF688 /* ImpuritiesTableViewCell.xib in Resources */,
				63BF9E092661873300FEF688 /* ForecastTableViewCell.xib in Resources */,
				63BF9DFF265D0FD000FEF688 /* AnalizeOfTypeViewController.xib in Resources */,
				63BF9DE226546D7000FEF688 /* PollenViewController.xib in Resources */,
				63BF9E122662A36F00FEF688 /* BrethQualityTableViewCell.xib in Resources */,
				63BF9DFB265C405400FEF688 /* ListOfPollenTypesTableViewCell.xib in Resources */,
				63BF9DAD2642D49300FEF688 /* LaunchScreen.storyboard in Resources */,
				63BF9DAA2642D49300FEF688 /* Assets.xcassets in Resources */,
				63BF9DEF265566CF00FEF688 /* TodayCollectionViewCell.xib in Resources */,
				63BF9DE626546D9300FEF688 /* BrethQualityViewController.xib in Resources */,
				63BF9DEB265538D900FEF688 /* PollenDaysTableViewCell.xib in Resources */,
				63BF9E0D26618F5500FEF688 /* MapViewController.xib in Resources */,
				63BF9DA52642D49100FEF688 /* Main.storyboard in Resources */,
			);
			runOnlyForDeploymentPostprocessing = 0;
		};
		63BF9DB12642D49300FEF688 /* Resources */ = {
			isa = PBXResourcesBuildPhase;
			buildActionMask = 2147483647;
			files = (
			);
			runOnlyForDeploymentPostprocessing = 0;
		};
/* End PBXResourcesBuildPhase section */

/* Begin PBXShellScriptBuildPhase section */
		47FF5844045A865E881BDEC5 /* [CP] Check Pods Manifest.lock */ = {
			isa = PBXShellScriptBuildPhase;
			buildActionMask = 2147483647;
			files = (
			);
			inputFileListPaths = (
			);
			inputPaths = (
				"${PODS_PODFILE_DIR_PATH}/Podfile.lock",
				"${PODS_ROOT}/Manifest.lock",
			);
			name = "[CP] Check Pods Manifest.lock";
			outputFileListPaths = (
			);
			outputPaths = (
				"$(DERIVED_FILE_DIR)/Pods-BreezoMeter-checkManifestLockResult.txt",
			);
			runOnlyForDeploymentPostprocessing = 0;
			shellPath = /bin/sh;
			shellScript = "diff \"${PODS_PODFILE_DIR_PATH}/Podfile.lock\" \"${PODS_ROOT}/Manifest.lock\" > /dev/null\nif [ $? != 0 ] ; then\n    # print error to STDERR\n    echo \"error: The sandbox is not in sync with the Podfile.lock. Run 'pod install' or update your CocoaPods installation.\" >&2\n    exit 1\nfi\n# This output is used by Xcode 'outputs' to avoid re-running this script phase.\necho \"SUCCESS\" > \"${SCRIPT_OUTPUT_FILE_0}\"\n";
			showEnvVarsInLog = 0;
		};
		5CAC0DF3DB2B6E862EC93085 /* [CP] Embed Pods Frameworks */ = {
			isa = PBXShellScriptBuildPhase;
			buildActionMask = 2147483647;
			files = (
			);
			inputFileListPaths = (
				"${PODS_ROOT}/Target Support Files/Pods-BreezoMeter/Pods-BreezoMeter-frameworks-${CONFIGURATION}-input-files.xcfilelist",
			);
			name = "[CP] Embed Pods Frameworks";
			outputFileListPaths = (
				"${PODS_ROOT}/Target Support Files/Pods-BreezoMeter/Pods-BreezoMeter-frameworks-${CONFIGURATION}-output-files.xcfilelist",
			);
			runOnlyForDeploymentPostprocessing = 0;
			shellPath = /bin/sh;
			shellScript = "\"${PODS_ROOT}/Target Support Files/Pods-BreezoMeter/Pods-BreezoMeter-frameworks.sh\"\n";
			showEnvVarsInLog = 0;
		};
/* End PBXShellScriptBuildPhase section */

/* Begin PBXSourcesBuildPhase section */
		63BF9D962642D49100FEF688 /* Sources */ = {
			isa = PBXSourcesBuildPhase;
			buildActionMask = 2147483647;
			files = (
				63BF9E082661873300FEF688 /* ForecastTableViewCell.swift in Sources */,
				63BF9DEE265566CF00FEF688 /* TodayCollectionViewCell.swift in Sources */,
				63BF9E152662B44800FEF688 /* ImpuritiesTableViewCell.swift in Sources */,
				63BF9DE526546D9300FEF688 /* BrethQualityViewController.swift in Sources */,
				63BF9DDA2654397500FEF688 /* TabCoordinator.swift in Sources */,
				63BF9DD8265438BF00FEF688 /* PollenModel.swift in Sources */,
				63BF9DC32642D55E00FEF688 /* ServiceProvider.swift in Sources */,
				63BF9DEA265538D900FEF688 /* PollenDaysTableViewCell.swift in Sources */,
				63BF9DA82642D49100FEF688 /* BreezoMeter.xcdatamodeld in Sources */,
				63BF9DC52644141D00FEF688 /* LocationService.swift in Sources */,
				63BF9E1B2663933A00FEF688 /* UrlParts.swift in Sources */,
				63BF9DA22642D49100FEF688 /* ViewController.swift in Sources */,
				63BF9DE126546D7000FEF688 /* PollenViewController.swift in Sources */,
				63BF9E112662A36F00FEF688 /* BrethQualityTableViewCell.swift in Sources */,
				63C5AD242671035D00106C2B /* GeolocationService.swift in Sources */,
				63C5AD28267644E100106C2B /* ExtensionForUIColor.swift in Sources */,
				63BF9DFA265C405400FEF688 /* ListOfPollenTypesTableViewCell.swift in Sources */,
				63BF9E202664C01E00FEF688 /* AirQualityModel.swift in Sources */,
				63C5AD2026666BBD00106C2B /* APIProvider.swift in Sources */,
				63C5AD262674D24700106C2B /* PollenViewModel.swift in Sources */,
				63BF9DFE265D0FD000FEF688 /* AnalizeOfTypeViewController.swift in Sources */,
				63C5AD1E2666668C00106C2B /* AirQualityViewModel.swift in Sources */,
				63BF9E1D2663FB2500FEF688 /* UIImageView.swift in Sources */,
				63BF9E192663927C00FEF688 /* NetworkError.swift in Sources */,
				63BF9E0C26618F5500FEF688 /* MapViewController.swift in Sources */,
				63BF9D9E2642D49100FEF688 /* AppDelegate.swift in Sources */,
				63C5AD222668D1BB00106C2B /* MapViewModel.swift in Sources */,
			);
			runOnlyForDeploymentPostprocessing = 0;
		};
		63BF9DAF2642D49300FEF688 /* Sources */ = {
			isa = PBXSourcesBuildPhase;
			buildActionMask = 2147483647;
			files = (
				63BF9DB82642D49300FEF688 /* BreezoMeterTests.swift in Sources */,
			);
			runOnlyForDeploymentPostprocessing = 0;
		};
/* End PBXSourcesBuildPhase section */

/* Begin PBXTargetDependency section */
		63BF9DB52642D49300FEF688 /* PBXTargetDependency */ = {
			isa = PBXTargetDependency;
			target = 63BF9D992642D49100FEF688 /* BreezoMeter */;
			targetProxy = 63BF9DB42642D49300FEF688 /* PBXContainerItemProxy */;
		};
/* End PBXTargetDependency section */

/* Begin PBXVariantGroup section */
		63BF9DA32642D49100FEF688 /* Main.storyboard */ = {
			isa = PBXVariantGroup;
			children = (
				63BF9DA42642D49100FEF688 /* Base */,
			);
			name = Main.storyboard;
			sourceTree = "<group>";
		};
		63BF9DAB2642D49300FEF688 /* LaunchScreen.storyboard */ = {
			isa = PBXVariantGroup;
			children = (
				63BF9DAC2642D49300FEF688 /* Base */,
			);
			name = LaunchScreen.storyboard;
			sourceTree = "<group>";
		};
/* End PBXVariantGroup section */

/* Begin XCBuildConfiguration section */
		63BF9DBA2642D49300FEF688 /* Debug */ = {
			isa = XCBuildConfiguration;
			buildSettings = {
				ALWAYS_SEARCH_USER_PATHS = NO;
				CLANG_ANALYZER_NONNULL = YES;
				CLANG_ANALYZER_NUMBER_OBJECT_CONVERSION = YES_AGGRESSIVE;
				CLANG_CXX_LANGUAGE_STANDARD = "gnu++14";
				CLANG_CXX_LIBRARY = "libc++";
				CLANG_ENABLE_MODULES = YES;
				CLANG_ENABLE_OBJC_ARC = YES;
				CLANG_ENABLE_OBJC_WEAK = YES;
				CLANG_WARN_BLOCK_CAPTURE_AUTORELEASING = YES;
				CLANG_WARN_BOOL_CONVERSION = YES;
				CLANG_WARN_COMMA = YES;
				CLANG_WARN_CONSTANT_CONVERSION = YES;
				CLANG_WARN_DEPRECATED_OBJC_IMPLEMENTATIONS = YES;
				CLANG_WARN_DIRECT_OBJC_ISA_USAGE = YES_ERROR;
				CLANG_WARN_DOCUMENTATION_COMMENTS = YES;
				CLANG_WARN_EMPTY_BODY = YES;
				CLANG_WARN_ENUM_CONVERSION = YES;
				CLANG_WARN_INFINITE_RECURSION = YES;
				CLANG_WARN_INT_CONVERSION = YES;
				CLANG_WARN_NON_LITERAL_NULL_CONVERSION = YES;
				CLANG_WARN_OBJC_IMPLICIT_RETAIN_SELF = YES;
				CLANG_WARN_OBJC_LITERAL_CONVERSION = YES;
				CLANG_WARN_OBJC_ROOT_CLASS = YES_ERROR;
				CLANG_WARN_RANGE_LOOP_ANALYSIS = YES;
				CLANG_WARN_STRICT_PROTOTYPES = YES;
				CLANG_WARN_SUSPICIOUS_MOVE = YES;
				CLANG_WARN_UNGUARDED_AVAILABILITY = YES_AGGRESSIVE;
				CLANG_WARN_UNREACHABLE_CODE = YES;
				CLANG_WARN__DUPLICATE_METHOD_MATCH = YES;
				COPY_PHASE_STRIP = NO;
				DEBUG_INFORMATION_FORMAT = dwarf;
				ENABLE_STRICT_OBJC_MSGSEND = YES;
				ENABLE_TESTABILITY = YES;
				GCC_C_LANGUAGE_STANDARD = gnu11;
				GCC_DYNAMIC_NO_PIC = NO;
				GCC_NO_COMMON_BLOCKS = YES;
				GCC_OPTIMIZATION_LEVEL = 0;
				GCC_PREPROCESSOR_DEFINITIONS = (
					"DEBUG=1",
					"$(inherited)",
				);
				GCC_WARN_64_TO_32_BIT_CONVERSION = YES;
				GCC_WARN_ABOUT_RETURN_TYPE = YES_ERROR;
				GCC_WARN_UNDECLARED_SELECTOR = YES;
				GCC_WARN_UNINITIALIZED_AUTOS = YES_AGGRESSIVE;
				GCC_WARN_UNUSED_FUNCTION = YES;
				GCC_WARN_UNUSED_VARIABLE = YES;
				IPHONEOS_DEPLOYMENT_TARGET = 13.2;
				MTL_ENABLE_DEBUG_INFO = INCLUDE_SOURCE;
				MTL_FAST_MATH = YES;
				ONLY_ACTIVE_ARCH = YES;
				SDKROOT = iphoneos;
				SWIFT_ACTIVE_COMPILATION_CONDITIONS = DEBUG;
				SWIFT_OPTIMIZATION_LEVEL = "-Onone";
			};
			name = Debug;
		};
		63BF9DBB2642D49300FEF688 /* Release */ = {
			isa = XCBuildConfiguration;
			buildSettings = {
				ALWAYS_SEARCH_USER_PATHS = NO;
				CLANG_ANALYZER_NONNULL = YES;
				CLANG_ANALYZER_NUMBER_OBJECT_CONVERSION = YES_AGGRESSIVE;
				CLANG_CXX_LANGUAGE_STANDARD = "gnu++14";
				CLANG_CXX_LIBRARY = "libc++";
				CLANG_ENABLE_MODULES = YES;
				CLANG_ENABLE_OBJC_ARC = YES;
				CLANG_ENABLE_OBJC_WEAK = YES;
				CLANG_WARN_BLOCK_CAPTURE_AUTORELEASING = YES;
				CLANG_WARN_BOOL_CONVERSION = YES;
				CLANG_WARN_COMMA = YES;
				CLANG_WARN_CONSTANT_CONVERSION = YES;
				CLANG_WARN_DEPRECATED_OBJC_IMPLEMENTATIONS = YES;
				CLANG_WARN_DIRECT_OBJC_ISA_USAGE = YES_ERROR;
				CLANG_WARN_DOCUMENTATION_COMMENTS = YES;
				CLANG_WARN_EMPTY_BODY = YES;
				CLANG_WARN_ENUM_CONVERSION = YES;
				CLANG_WARN_INFINITE_RECURSION = YES;
				CLANG_WARN_INT_CONVERSION = YES;
				CLANG_WARN_NON_LITERAL_NULL_CONVERSION = YES;
				CLANG_WARN_OBJC_IMPLICIT_RETAIN_SELF = YES;
				CLANG_WARN_OBJC_LITERAL_CONVERSION = YES;
				CLANG_WARN_OBJC_ROOT_CLASS = YES_ERROR;
				CLANG_WARN_RANGE_LOOP_ANALYSIS = YES;
				CLANG_WARN_STRICT_PROTOTYPES = YES;
				CLANG_WARN_SUSPICIOUS_MOVE = YES;
				CLANG_WARN_UNGUARDED_AVAILABILITY = YES_AGGRESSIVE;
				CLANG_WARN_UNREACHABLE_CODE = YES;
				CLANG_WARN__DUPLICATE_METHOD_MATCH = YES;
				COPY_PHASE_STRIP = NO;
				DEBUG_INFORMATION_FORMAT = "dwarf-with-dsym";
				ENABLE_NS_ASSERTIONS = NO;
				ENABLE_STRICT_OBJC_MSGSEND = YES;
				GCC_C_LANGUAGE_STANDARD = gnu11;
				GCC_NO_COMMON_BLOCKS = YES;
				GCC_WARN_64_TO_32_BIT_CONVERSION = YES;
				GCC_WARN_ABOUT_RETURN_TYPE = YES_ERROR;
				GCC_WARN_UNDECLARED_SELECTOR = YES;
				GCC_WARN_UNINITIALIZED_AUTOS = YES_AGGRESSIVE;
				GCC_WARN_UNUSED_FUNCTION = YES;
				GCC_WARN_UNUSED_VARIABLE = YES;
				IPHONEOS_DEPLOYMENT_TARGET = 13.2;
				MTL_ENABLE_DEBUG_INFO = NO;
				MTL_FAST_MATH = YES;
				SDKROOT = iphoneos;
				SWIFT_COMPILATION_MODE = wholemodule;
				SWIFT_OPTIMIZATION_LEVEL = "-O";
				VALIDATE_PRODUCT = YES;
			};
			name = Release;
		};
		63BF9DBD2642D49300FEF688 /* Debug */ = {
			isa = XCBuildConfiguration;
			baseConfigurationReference = 401FC62DC76EF4A200786DC8 /* Pods-BreezoMeter.debug.xcconfig */;
			buildSettings = {
				ASSETCATALOG_COMPILER_APPICON_NAME = AppIcon;
				CODE_SIGN_IDENTITY = "Apple Development";
				CODE_SIGN_STYLE = Automatic;
				DEVELOPMENT_TEAM = "";
				INFOPLIST_FILE = BreezoMeter/Info.plist;
				LD_RUNPATH_SEARCH_PATHS = (
					"$(inherited)",
					"@executable_path/Frameworks",
				);
				PRODUCT_BUNDLE_IDENTIFIER = com.example.BreezoMeter;
				PRODUCT_NAME = "$(TARGET_NAME)";
				PROVISIONING_PROFILE_SPECIFIER = "";
				SWIFT_VERSION = 5.0;
				TARGETED_DEVICE_FAMILY = 1;
			};
			name = Debug;
		};
		63BF9DBE2642D49300FEF688 /* Release */ = {
			isa = XCBuildConfiguration;
			baseConfigurationReference = 574F439CE2706A0F840026A2 /* Pods-BreezoMeter.release.xcconfig */;
			buildSettings = {
				ASSETCATALOG_COMPILER_APPICON_NAME = AppIcon;
				CODE_SIGN_IDENTITY = "Apple Development";
				CODE_SIGN_STYLE = Automatic;
				DEVELOPMENT_TEAM = "";
				INFOPLIST_FILE = BreezoMeter/Info.plist;
				LD_RUNPATH_SEARCH_PATHS = (
					"$(inherited)",
					"@executable_path/Frameworks",
				);
				PRODUCT_BUNDLE_IDENTIFIER = com.example.BreezoMeter;
				PRODUCT_NAME = "$(TARGET_NAME)";
				PROVISIONING_PROFILE_SPECIFIER = "";
				SWIFT_VERSION = 5.0;
				TARGETED_DEVICE_FAMILY = 1;
			};
			name = Release;
		};
		63BF9DC02642D49300FEF688 /* Debug */ = {
			isa = XCBuildConfiguration;
			buildSettings = {
				ALWAYS_EMBED_SWIFT_STANDARD_LIBRARIES = YES;
				BUNDLE_LOADER = "$(TEST_HOST)";
				CODE_SIGN_STYLE = Automatic;
				INFOPLIST_FILE = BreezoMeterTests/Info.plist;
				IPHONEOS_DEPLOYMENT_TARGET = 13.2;
				LD_RUNPATH_SEARCH_PATHS = (
					"$(inherited)",
					"@executable_path/Frameworks",
					"@loader_path/Frameworks",
				);
				PRODUCT_BUNDLE_IDENTIFIER = com.example.BreezoMeterTests;
				PRODUCT_NAME = "$(TARGET_NAME)";
				SWIFT_VERSION = 5.0;
				TARGETED_DEVICE_FAMILY = "1,2";
				TEST_HOST = "$(BUILT_PRODUCTS_DIR)/BreezoMeter.app/BreezoMeter";
			};
			name = Debug;
		};
		63BF9DC12642D49300FEF688 /* Release */ = {
			isa = XCBuildConfiguration;
			buildSettings = {
				ALWAYS_EMBED_SWIFT_STANDARD_LIBRARIES = YES;
				BUNDLE_LOADER = "$(TEST_HOST)";
				CODE_SIGN_STYLE = Automatic;
				INFOPLIST_FILE = BreezoMeterTests/Info.plist;
				IPHONEOS_DEPLOYMENT_TARGET = 13.2;
				LD_RUNPATH_SEARCH_PATHS = (
					"$(inherited)",
					"@executable_path/Frameworks",
					"@loader_path/Frameworks",
				);
				PRODUCT_BUNDLE_IDENTIFIER = com.example.BreezoMeterTests;
				PRODUCT_NAME = "$(TARGET_NAME)";
				SWIFT_VERSION = 5.0;
				TARGETED_DEVICE_FAMILY = "1,2";
				TEST_HOST = "$(BUILT_PRODUCTS_DIR)/BreezoMeter.app/BreezoMeter";
			};
			name = Release;
		};
/* End XCBuildConfiguration section */

/* Begin XCConfigurationList section */
		63BF9D952642D49100FEF688 /* Build configuration list for PBXProject "BreezoMeter" */ = {
			isa = XCConfigurationList;
			buildConfigurations = (
				63BF9DBA2642D49300FEF688 /* Debug */,
				63BF9DBB2642D49300FEF688 /* Release */,
			);
			defaultConfigurationIsVisible = 0;
			defaultConfigurationName = Release;
		};
		63BF9DBC2642D49300FEF688 /* Build configuration list for PBXNativeTarget "BreezoMeter" */ = {
			isa = XCConfigurationList;
			buildConfigurations = (
				63BF9DBD2642D49300FEF688 /* Debug */,
				63BF9DBE2642D49300FEF688 /* Release */,
			);
			defaultConfigurationIsVisible = 0;
			defaultConfigurationName = Release;
		};
		63BF9DBF2642D49300FEF688 /* Build configuration list for PBXNativeTarget "BreezoMeterTests" */ = {
			isa = XCConfigurationList;
			buildConfigurations = (
				63BF9DC02642D49300FEF688 /* Debug */,
				63BF9DC12642D49300FEF688 /* Release */,
			);
			defaultConfigurationIsVisible = 0;
			defaultConfigurationName = Release;
		};
/* End XCConfigurationList section */

/* Begin XCVersionGroup section */
		63BF9DA62642D49100FEF688 /* BreezoMeter.xcdatamodeld */ = {
			isa = XCVersionGroup;
			children = (
				63BF9DA72642D49100FEF688 /* BreezoMeter.xcdatamodel */,
			);
			currentVersion = 63BF9DA72642D49100FEF688 /* BreezoMeter.xcdatamodel */;
			path = BreezoMeter.xcdatamodeld;
			sourceTree = "<group>";
			versionGroupType = wrapper.xcdatamodel;
		};
/* End XCVersionGroup section */
	};
	rootObject = 63BF9D922642D49100FEF688 /* Project object */;
}
